
Microsoft Visual Studio Solution File, Format Version 12.00
# Visual Studio Version 16
VisualStudioVersion = 16.0.32002.261
MinimumVisualStudioVersion = 10.0.40219.1
Project("{FAE04EC0-301F-11D3-BF4B-00C04F79EFBC}") = "eTickets", "eTickets.csproj", "{AC53D6B4-1AAA-4070-9726-F85908E9FB8B}"
EndProject
Global
	GlobalSection(SolutionConfigurationPlatforms) = preSolution
		Debug|Any CPU = Debug|Any CPU
		Release|Any CPU = Release|Any CPU
	EndGlobalSection
	GlobalSection(ProjectConfigurationPlatforms) = postSolution
		{AC53D6B4-1AAA-4070-9726-F85908E9FB8B}.Debug|Any CPU.ActiveCfg = Debug|Any CPU
		{AC53D6B4-1AAA-4070-9726-F85908E9FB8B}.Debug|Any CPU.Build.0 = Debug|Any CPU
		{AC53D6B4-1AAA-4070-9726-F85908E9FB8B}.Release|Any CPU.ActiveCfg = Release|Any CPU
		{AC53D6B4-1AAA-4070-9726-F85908E9FB8B}.Release|Any CPU.Build.0 = Release|Any CPU
	EndGlobalSection
	GlobalSection(SolutionProperties) = preSolution
		HideSolutionNode = FALSE
	EndGlobalSection
	GlobalSection(ExtensibilityGlobals) = postSolution
		SolutionGuid = {E168B67B-C248-4A55-A640-FED7A6C93823}
	EndGlobalSection
EndGlobal
